// !$*UTF8*$!
{
	archiveVersion = 1;
	classes = {
	};
	objectVersion = 77;
	objects = {

/* Begin PBXContainerItemProxy section */
		1B13EC552DCE88420073752D /* PBXContainerItemProxy */ = {
			isa = PBXContainerItemProxy;
			containerPortal = 1B13EC3F2DCE88410073752D /* Project object */;
			proxyType = 1;
			remoteGlobalIDString = 1B13EC462DCE88410073752D;
			remoteInfo = ArcadeBallGameApp;
		};
		1B13EC5F2DCE88420073752D /* PBXContainerItemProxy */ = {
			isa = PBXContainerItemProxy;
			containerPortal = 1B13EC3F2DCE88410073752D /* Project object */;
			proxyType = 1;
			remoteGlobalIDString = 1B13EC462DCE88410073752D;
			remoteInfo = ArcadeBallGameApp;
		};
/* End PBXContainerItemProxy section */

/* Begin PBXFileReference section */
		1B13EC472DCE88410073752D /* ArcadeBallGameApp.app */ = {isa = PBXFileReference; explicitFileType = wrapper.application; includeInIndex = 0; path = ArcadeBallGameApp.app; sourceTree = BUILT_PRODUCTS_DIR; };
		1B13EC542DCE88420073752D /* ArcadeBallGameAppTests.xctest */ = {isa = PBXFileReference; explicitFileType = wrapper.cfbundle; includeInIndex = 0; path = ArcadeBallGameAppTests.xctest; sourceTree = BUILT_PRODUCTS_DIR; };
		1B13EC5E2DCE88420073752D /* ArcadeBallGameAppUITests.xctest */ = {isa = PBXFileReference; explicitFileType = wrapper.cfbundle; includeInIndex = 0; path = ArcadeBallGameAppUITests.xctest; sourceTree = BUILT_PRODUCTS_DIR; };
/* End PBXFileReference section */

/* Begin PBXFileSystemSynchronizedRootGroup section */
		1B13EC492DCE88410073752D /* Lost_in_space */ = {
			isa = PBXFileSystemSynchronizedRootGroup;
			path = Lost_in_space;
			sourceTree = "<group>";
		};
		1B13EC572DCE88420073752D /* ArcadeBallGameAppTests */ = {
			isa = PBXFileSystemSynchronizedRootGroup;
			path = ArcadeBallGameAppTests;
			sourceTree = "<group>";
		};
		1B13EC612DCE88420073752D /* ArcadeBallGameAppUITests */ = {
			isa = PBXFileSystemSynchronizedRootGroup;
			path = ArcadeBallGameAppUITests;
			sourceTree = "<group>";
		};
/* End PBXFileSystemSynchronizedRootGroup section */

/* Begin PBXFrameworksBuildPhase section */
		1B13EC442DCE88410073752D /* Frameworks */ = {
			isa = PBXFrameworksBuildPhase;
			buildActionMask = 2147483647;
			files = (
			);
			runOnlyForDeploymentPostprocessing = 0;
		};
		1B13EC512DCE88420073752D /* Frameworks */ = {
			isa = PBXFrameworksBuildPhase;
			buildActionMask = 2147483647;
			files = (
			);
			runOnlyForDeploymentPostprocessing = 0;
		};
		1B13EC5B2DCE88420073752D /* Frameworks */ = {
			isa = PBXFrameworksBuildPhase;
			buildActionMask = 2147483647;
			files = (
			);
			runOnlyForDeploymentPostprocessing = 0;
		};
/* End PBXFrameworksBuildPhase section */

/* Begin PBXGroup section */
		1B13EC3E2DCE88410073752D = {
			isa = PBXGroup;
			children = (
				1B13EC492DCE88410073752D /* Lost_in_space */,
				1B13EC572DCE88420073752D /* ArcadeBallGameAppTests */,
				1B13EC612DCE88420073752D /* ArcadeBallGameAppUITests */,
				1B13EC482DCE88410073752D /* Products */,
			);
			sourceTree = "<group>";
		};
		1B13EC482DCE88410073752D /* Products */ = {
			isa = PBXGroup;
			children = (
				1B13EC472DCE88410073752D /* ArcadeBallGameApp.app */,
				1B13EC542DCE88420073752D /* ArcadeBallGameAppTests.xctest */,
				1B13EC5E2DCE88420073752D /* ArcadeBallGameAppUITests.xctest */,
			);
			name = Products;
			sourceTree = "<group>";
		};
/* End PBXGroup section */

/* Begin PBXNativeTarget section */
		1B13EC462DCE88410073752D /* ArcadeBallGameApp */ = {
			isa = PBXNativeTarget;
			buildConfigurationList = 1B13EC682DCE88420073752D /* Build configuration list for PBXNativeTarget "ArcadeBallGameApp" */;
			buildPhases = (
				1B13EC432DCE88410073752D /* Sources */,
				1B13EC442DCE88410073752D /* Frameworks */,
				1B13EC452DCE88410073752D /* Resources */,
			);
			buildRules = (
			);
			dependencies = (
			);
			fileSystemSynchronizedGroups = (
				1B13EC492DCE88410073752D /* Lost_in_space */,
			);
			name = ArcadeBallGameApp;
			packageProductDependencies = (
			);
			productName = ArcadeBallGameApp;
			productReference = 1B13EC472DCE88410073752D /* ArcadeBallGameApp.app */;
			productType = "com.apple.product-type.application";
		};
		1B13EC532DCE88420073752D /* ArcadeBallGameAppTests */ = {
			isa = PBXNativeTarget;
			buildConfigurationList = 1B13EC6B2DCE88420073752D /* Build configuration list for PBXNativeTarget "ArcadeBallGameAppTests" */;
			buildPhases = (
				1B13EC502DCE88420073752D /* Sources */,
				1B13EC512DCE88420073752D /* Frameworks */,
				1B13EC522DCE88420073752D /* Resources */,
			);
			buildRules = (
			);
			dependencies = (
				1B13EC562DCE88420073752D /* PBXTargetDependency */,
			);
			fileSystemSynchronizedGroups = (
				1B13EC572DCE88420073752D /* ArcadeBallGameAppTests */,
			);
			name = ArcadeBallGameAppTests;
			packageProductDependencies = (
			);
			productName = ArcadeBallGameAppTests;
			productReference = 1B13EC542DCE88420073752D /* ArcadeBallGameAppTests.xctest */;
			productType = "com.apple.product-type.bundle.unit-test";
		};
		1B13EC5D2DCE88420073752D /* ArcadeBallGameAppUITests */ = {
			isa = PBXNativeTarget;
			buildConfigurationList = 1B13EC6E2DCE88420073752D /* Build configuration list for PBXNativeTarget "ArcadeBallGameAppUITests" */;
			buildPhases = (
				1B13EC5A2DCE88420073752D /* Sources */,
				1B13EC5B2DCE88420073752D /* Frameworks */,
				1B13EC5C2DCE88420073752D /* Resources */,
			);
			buildRules = (
			);
			dependencies = (
				1B13EC602DCE88420073752D /* PBXTargetDependency */,
			);
			fileSystemSynchronizedGroups = (
				1B13EC612DCE88420073752D /* ArcadeBallGameAppUITests */,
			);
			name = ArcadeBallGameAppUITests;
			packageProductDependencies = (
			);
			productName = ArcadeBallGameAppUITests;
			productReference = 1B13EC5E2DCE88420073752D /* ArcadeBallGameAppUITests.xctest */;
			productType = "com.apple.product-type.bundle.ui-testing";
		};
/* End PBXNativeTarget section */

/* Begin PBXProject section */
		1B13EC3F2DCE88410073752D /* Project object */ = {
			isa = PBXProject;
			attributes = {
				BuildIndependentTargetsInParallel = 1;
				LastSwiftUpdateCheck = 1630;
				LastUpgradeCheck = 1630;
				TargetAttributes = {
					1B13EC462DCE88410073752D = {
						CreatedOnToolsVersion = 16.3;
					};
					1B13EC532DCE88420073752D = {
						CreatedOnToolsVersion = 16.3;
						TestTargetID = 1B13EC462DCE88410073752D;
					};
					1B13EC5D2DCE88420073752D = {
						CreatedOnToolsVersion = 16.3;
						TestTargetID = 1B13EC462DCE88410073752D;
					};
				};
			};
			buildConfigurationList = 1B13EC422DCE88410073752D /* Build configuration list for PBXProject "ArcadeBallGameApp" */;
			developmentRegion = en;
			hasScannedForEncodings = 0;
			knownRegions = (
				en,
				Base,
			);
			mainGroup = 1B13EC3E2DCE88410073752D;
			minimizedProjectReferenceProxies = 1;
			preferredProjectObjectVersion = 77;
			productRefGroup = 1B13EC482DCE88410073752D /* Products */;
			projectDirPath = "";
			projectRoot = "";
			targets = (
				1B13EC462DCE88410073752D /* ArcadeBallGameApp */,
				1B13EC532DCE88420073752D /* ArcadeBallGameAppTests */,
				1B13EC5D2DCE88420073752D /* ArcadeBallGameAppUITests */,
			);
		};
/* End PBXProject section */

/* Begin PBXResourcesBuildPhase section */
		1B13EC452DCE88410073752D /* Resources */ = {
			isa = PBXResourcesBuildPhase;
			buildActionMask = 2147483647;
			files = (
			);
			runOnlyForDeploymentPostprocessing = 0;
		};
		1B13EC522DCE88420073752D /* Resources */ = {
			isa = PBXResourcesBuildPhase;
			buildActionMask = 2147483647;
			files = (
			);
			runOnlyForDeploymentPostprocessing = 0;
		};
		1B13EC5C2DCE88420073752D /* Resources */ = {
			isa = PBXResourcesBuildPhase;
			buildActionMask = 2147483647;
			files = (
			);
			runOnlyForDeploymentPostprocessing = 0;
		};
/* End PBXResourcesBuildPhase section */

/* Begin PBXSourcesBuildPhase section */
		1B13EC432DCE88410073752D /* Sources */ = {
			isa = PBXSourcesBuildPhase;
			buildActionMask = 2147483647;
			files = (
			);
			runOnlyForDeploymentPostprocessing = 0;
		};
		1B13EC502DCE88420073752D /* Sources */ = {
			isa = PBXSourcesBuildPhase;
			buildActionMask = 2147483647;
			files = (
			);
			runOnlyForDeploymentPostprocessing = 0;
		};
		1B13EC5A2DCE88420073752D /* Sources */ = {
			isa = PBXSourcesBuildPhase;
			buildActionMask = 2147483647;
			files = (
			);
			runOnlyForDeploymentPostprocessing = 0;
		};
/* End PBXSourcesBuildPhase section */

/* Begin PBXTargetDependency section */
		1B13EC562DCE88420073752D /* PBXTargetDependency */ = {
			isa = PBXTargetDependency;
			target = 1B13EC462DCE88410073752D /* ArcadeBallGameApp */;
			targetProxy = 1B13EC552DCE88420073752D /* PBXContainerItemProxy */;
		};
		1B13EC602DCE88420073752D /* PBXTargetDependency */ = {
			isa = PBXTargetDependency;
			target = 1B13EC462DCE88410073752D /* ArcadeBallGameApp */;
			targetProxy = 1B13EC5F2DCE88420073752D /* PBXContainerItemProxy */;
		};
/* End PBXTargetDependency section */

/* Begin XCBuildConfiguration section */
		1B13EC662DCE88420073752D /* Debug */ = {
			isa = XCBuildConfiguration;
			buildSettings = {
				ALWAYS_SEARCH_USER_PATHS = NO;
				ASSETCATALOG_COMPILER_GENERATE_SWIFT_ASSET_SYMBOL_EXTENSIONS = YES;
				CLANG_ANALYZER_NONNULL = YES;
				CLANG_ANALYZER_NUMBER_OBJECT_CONVERSION = YES_AGGRESSIVE;
				CLANG_CXX_LANGUAGE_STANDARD = "gnu++20";
				CLANG_ENABLE_MODULES = YES;
				CLANG_ENABLE_OBJC_ARC = YES;
				CLANG_ENABLE_OBJC_WEAK = YES;
				CLANG_WARN_BLOCK_CAPTURE_AUTORELEASING = YES;
				CLANG_WARN_BOOL_CONVERSION = YES;
				CLANG_WARN_COMMA = YES;
				CLANG_WARN_CONSTANT_CONVERSION = YES;
				CLANG_WARN_DEPRECATED_OBJC_IMPLEMENTATIONS = YES;
				CLANG_WARN_DIRECT_OBJC_ISA_USAGE = YES_ERROR;
				CLANG_WARN_DOCUMENTATION_COMMENTS = YES;
				CLANG_WARN_EMPTY_BODY = YES;
				CLANG_WARN_ENUM_CONVERSION = YES;
				CLANG_WARN_INFINITE_RECURSION = YES;
				CLANG_WARN_INT_CONVERSION = YES;
				CLANG_WARN_NON_LITERAL_NULL_CONVERSION = YES;
				CLANG_WARN_OBJC_IMPLICIT_RETAIN_SELF = YES;
				CLANG_WARN_OBJC_LITERAL_CONVERSION = YES;
				CLANG_WARN_OBJC_ROOT_CLASS = YES_ERROR;
				CLANG_WARN_QUOTED_INCLUDE_IN_FRAMEWORK_HEADER = YES;
				CLANG_WARN_RANGE_LOOP_ANALYSIS = YES;
				CLANG_WARN_STRICT_PROTOTYPES = YES;
				CLANG_WARN_SUSPICIOUS_MOVE = YES;
				CLANG_WARN_UNGUARDED_AVAILABILITY = YES_AGGRESSIVE;
				CLANG_WARN_UNREACHABLE_CODE = YES;
				CLANG_WARN__DUPLICATE_METHOD_MATCH = YES;
				COPY_PHASE_STRIP = NO;
				DEBUG_INFORMATION_FORMAT = dwarf;
				ENABLE_STRICT_OBJC_MSGSEND = YES;
				ENABLE_TESTABILITY = YES;
				ENABLE_USER_SCRIPT_SANDBOXING = YES;
				GCC_C_LANGUAGE_STANDARD = gnu17;
				GCC_DYNAMIC_NO_PIC = NO;
				GCC_NO_COMMON_BLOCKS = YES;
				GCC_OPTIMIZATION_LEVEL = 0;
				GCC_PREPROCESSOR_DEFINITIONS = (
					"DEBUG=1",
					"$(inherited)",
				);
				GCC_WARN_64_TO_32_BIT_CONVERSION = YES;
				GCC_WARN_ABOUT_RETURN_TYPE = YES_ERROR;
				GCC_WARN_UNDECLARED_SELECTOR = YES;
				GCC_WARN_UNINITIALIZED_AUTOS = YES_AGGRESSIVE;
				GCC_WARN_UNUSED_FUNCTION = YES;
				GCC_WARN_UNUSED_VARIABLE = YES;
				IPHONEOS_DEPLOYMENT_TARGET = 18.4;
				LOCALIZATION_PREFERS_STRING_CATALOGS = YES;
				MTL_ENABLE_DEBUG_INFO = INCLUDE_SOURCE;
				MTL_FAST_MATH = YES;
				ONLY_ACTIVE_ARCH = YES;
				SDKROOT = iphoneos;
				SWIFT_ACTIVE_COMPILATION_CONDITIONS = "DEBUG $(inherited)";
				SWIFT_OPTIMIZATION_LEVEL = "-Onone";
			};
			name = Debug;
		};
		1B13EC672DCE88420073752D /* Release */ = {
			isa = XCBuildConfiguration;
			buildSettings = {
				ALWAYS_SEARCH_USER_PATHS = NO;
				ASSETCATALOG_COMPILER_GENERATE_SWIFT_ASSET_SYMBOL_EXTENSIONS = YES;
				CLANG_ANALYZER_NONNULL = YES;
				CLANG_ANALYZER_NUMBER_OBJECT_CONVERSION = YES_AGGRESSIVE;
				CLANG_CXX_LANGUAGE_STANDARD = "gnu++20";
				CLANG_ENABLE_MODULES = YES;
				CLANG_ENABLE_OBJC_ARC = YES;
				CLANG_ENABLE_OBJC_WEAK = YES;
				CLANG_WARN_BLOCK_CAPTURE_AUTORELEASING = YES;
				CLANG_WARN_BOOL_CONVERSION = YES;
				CLANG_WARN_COMMA = YES;
				CLANG_WARN_CONSTANT_CONVERSION = YES;
				CLANG_WARN_DEPRECATED_OBJC_IMPLEMENTATIONS = YES;
				CLANG_WARN_DIRECT_OBJC_ISA_USAGE = YES_ERROR;
				CLANG_WARN_DOCUMENTATION_COMMENTS = YES;
				CLANG_WARN_EMPTY_BODY = YES;
				CLANG_WARN_ENUM_CONVERSION = YES;
				CLANG_WARN_INFINITE_RECURSION = YES;
				CLANG_WARN_INT_CONVERSION = YES;
				CLANG_WARN_NON_LITERAL_NULL_CONVERSION = YES;
				CLANG_WARN_OBJC_IMPLICIT_RETAIN_SELF = YES;
				CLANG_WARN_OBJC_LITERAL_CONVERSION = YES;
				CLANG_WARN_OBJC_ROOT_CLASS = YES_ERROR;
				CLANG_WARN_QUOTED_INCLUDE_IN_FRAMEWORK_HEADER = YES;
				CLANG_WARN_RANGE_LOOP_ANALYSIS = YES;
				CLANG_WARN_STRICT_PROTOTYPES = YES;
				CLANG_WARN_SUSPICIOUS_MOVE = YES;
				CLANG_WARN_UNGUARDED_AVAILABILITY = YES_AGGRESSIVE;
				CLANG_WARN_UNREACHABLE_CODE = YES;
				CLANG_WARN__DUPLICATE_METHOD_MATCH = YES;
				COPY_PHASE_STRIP = NO;
				DEBUG_INFORMATION_FORMAT = "dwarf-with-dsym";
				ENABLE_NS_ASSERTIONS = NO;
				ENABLE_STRICT_OBJC_MSGSEND = YES;
				ENABLE_USER_SCRIPT_SANDBOXING = YES;
				GCC_C_LANGUAGE_STANDARD = gnu17;
				GCC_NO_COMMON_BLOCKS = YES;
				GCC_WARN_64_TO_32_BIT_CONVERSION = YES;
				GCC_WARN_ABOUT_RETURN_TYPE = YES_ERROR;
				GCC_WARN_UNDECLARED_SELECTOR = YES;
				GCC_WARN_UNINITIALIZED_AUTOS = YES_AGGRESSIVE;
				GCC_WARN_UNUSED_FUNCTION = YES;
				GCC_WARN_UNUSED_VARIABLE = YES;
				IPHONEOS_DEPLOYMENT_TARGET = 18.4;
				LOCALIZATION_PREFERS_STRING_CATALOGS = YES;
				MTL_ENABLE_DEBUG_INFO = NO;
				MTL_FAST_MATH = YES;
				SDKROOT = iphoneos;
				SWIFT_COMPILATION_MODE = wholemodule;
				VALIDATE_PRODUCT = YES;
			};
			name = Release;
		};
		1B13EC692DCE88420073752D /* Debug */ = {
			isa = XCBuildConfiguration;
			buildSettings = {
				ASSETCATALOG_COMPILER_APPICON_NAME = AppIcon;
				ASSETCATALOG_COMPILER_GLOBAL_ACCENT_COLOR_NAME = AccentColor;
				CODE_SIGN_STYLE = Automatic;
				CURRENT_PROJECT_VERSION = 1;
				DEVELOPMENT_TEAM = 895JUM7927;
				ENABLE_PREVIEWS = YES;
				GENERATE_INFOPLIST_FILE = YES;
				INFOPLIST_KEY_UIApplicationSceneManifest_Generation = YES;
				INFOPLIST_KEY_UIApplicationSupportsIndirectInputEvents = YES;
				INFOPLIST_KEY_UILaunchScreen_Generation = YES;
				INFOPLIST_KEY_UISupportedInterfaceOrientations_iPad = "UIInterfaceOrientationPortrait UIInterfaceOrientationPortraitUpsideDown UIInterfaceOrientationLandscapeLeft UIInterfaceOrientationLandscapeRight";
				INFOPLIST_KEY_UISupportedInterfaceOrientations_iPhone = "UIInterfaceOrientationPortrait UIInterfaceOrientationLandscapeLeft UIInterfaceOrientationLandscapeRight";
				LD_RUNPATH_SEARCH_PATHS = (
					"$(inherited)",
					"@executable_path/Frameworks",
				);
				MARKETING_VERSION = 1.0;
				PRODUCT_BUNDLE_IDENTIFIER = BGN.ArcadeBallGameApp;
				PRODUCT_NAME = "$(TARGET_NAME)";
				SWIFT_EMIT_LOC_STRINGS = YES;
				SWIFT_VERSION = 5.0;
				TARGETED_DEVICE_FAMILY = "1,2";
			};
			name = Debug;
		};
		1B13EC6A2DCE88420073752D /* Release */ = {
			isa = XCBuildConfiguration;
			buildSettings = {
				ASSETCATALOG_COMPILER_APPICON_NAME = AppIcon;
				ASSETCATALOG_COMPILER_GLOBAL_ACCENT_COLOR_NAME = AccentColor;
				CODE_SIGN_STYLE = Automatic;
				CURRENT_PROJECT_VERSION = 1;
				DEVELOPMENT_TEAM = 895JUM7927;
				ENABLE_PREVIEWS = YES;
				GENERATE_INFOPLIST_FILE = YES;
				INFOPLIST_KEY_UIApplicationSceneManifest_Generation = YES;
				INFOPLIST_KEY_UIApplicationSupportsIndirectInputEvents = YES;
				INFOPLIST_KEY_UILaunchScreen_Generation = YES;
				INFOPLIST_KEY_UISupportedInterfaceOrientations_iPad = "UIInterfaceOrientationPortrait UIInterfaceOrientationPortraitUpsideDown UIInterfaceOrientationLandscapeLeft UIInterfaceOrientationLandscapeRight";
				INFOPLIST_KEY_UISupportedInterfaceOrientations_iPhone = "UIInterfaceOrientationPortrait UIInterfaceOrientationLandscapeLeft UIInterfaceOrientationLandscapeRight";
				LD_RUNPATH_SEARCH_PATHS = (
					"$(inherited)",
					"@executable_path/Frameworks",
				);
				MARKETING_VERSION = 1.0;
				PRODUCT_BUNDLE_IDENTIFIER = BGN.ArcadeBallGameApp;
				PRODUCT_NAME = "$(TARGET_NAME)";
				SWIFT_EMIT_LOC_STRINGS = YES;
				SWIFT_VERSION = 5.0;
				TARGETED_DEVICE_FAMILY = "1,2";
			};
			name = Release;
		};
		1B13EC6C2DCE88420073752D /* Debug */ = {
			isa = XCBuildConfiguration;
			buildSettings = {
				BUNDLE_LOADER = "$(TEST_HOST)";
				CODE_SIGN_STYLE = Automatic;
				CURRENT_PROJECT_VERSION = 1;
				GENERATE_INFOPLIST_FILE = YES;
				IPHONEOS_DEPLOYMENT_TARGET = 18.4;
				MARKETING_VERSION = 1.0;
				PRODUCT_BUNDLE_IDENTIFIER = BGN.ArcadeBallGameAppTests;
				PRODUCT_NAME = "$(TARGET_NAME)";
				SWIFT_EMIT_LOC_STRINGS = NO;
				SWIFT_VERSION = 5.0;
				TARGETED_DEVICE_FAMILY = "1,2";
				TEST_HOST = "$(BUILT_PRODUCTS_DIR)/ArcadeBallGameApp.app/$(BUNDLE_EXECUTABLE_FOLDER_PATH)/ArcadeBallGameApp";
			};
			name = Debug;
		};
		1B13EC6D2DCE88420073752D /* Release */ = {
			isa = XCBuildConfiguration;
			buildSettings = {
				BUNDLE_LOADER = "$(TEST_HOST)";
				CODE_SIGN_STYLE = Automatic;
				CURRENT_PROJECT_VERSION = 1;
				GENERATE_INFOPLIST_FILE = YES;
				IPHONEOS_DEPLOYMENT_TARGET = 18.4;
				MARKETING_VERSION = 1.0;
				PRODUCT_BUNDLE_IDENTIFIER = BGN.ArcadeBallGameAppTests;
				PRODUCT_NAME = "$(TARGET_NAME)";
				SWIFT_EMIT_LOC_STRINGS = NO;
				SWIFT_VERSION = 5.0;
				TARGETED_DEVICE_FAMILY = "1,2";
				TEST_HOST = "$(BUILT_PRODUCTS_DIR)/ArcadeBallGameApp.app/$(BUNDLE_EXECUTABLE_FOLDER_PATH)/ArcadeBallGameApp";
			};
			name = Release;
		};
		1B13EC6F2DCE88420073752D /* Debug */ = {
			isa = XCBuildConfiguration;
			buildSettings = {
				CODE_SIGN_STYLE = Automatic;
				CURRENT_PROJECT_VERSION = 1;
				GENERATE_INFOPLIST_FILE = YES;
				MARKETING_VERSION = 1.0;
				PRODUCT_BUNDLE_IDENTIFIER = BGN.ArcadeBallGameAppUITests;
				PRODUCT_NAME = "$(TARGET_NAME)";
				SWIFT_EMIT_LOC_STRINGS = NO;
				SWIFT_VERSION = 5.0;
				TARGETED_DEVICE_FAMILY = "1,2";
				TEST_TARGET_NAME = ArcadeBallGameApp;
			};
			name = Debug;
		};
		1B13EC702DCE88420073752D /* Release */ = {
			isa = XCBuildConfiguration;
			buildSettings = {
				CODE_SIGN_STYLE = Automatic;
				CURRENT_PROJECT_VERSION = 1;
				GENERATE_INFOPLIST_FILE = YES;
				MARKETING_VERSION = 1.0;
				PRODUCT_BUNDLE_IDENTIFIER = BGN.ArcadeBallGameAppUITests;
				PRODUCT_NAME = "$(TARGET_NAME)";
				SWIFT_EMIT_LOC_STRINGS = NO;
				SWIFT_VERSION = 5.0;
				TARGETED_DEVICE_FAMILY = "1,2";
				TEST_TARGET_NAME = ArcadeBallGameApp;
			};
			name = Release;
		};
/* End XCBuildConfiguration section */

/* Begin XCConfigurationList section */
		1B13EC422DCE88410073752D /* Build configuration list for PBXProject "ArcadeBallGameApp" */ = {
			isa = XCConfigurationList;
			buildConfigurations = (
				1B13EC662DCE88420073752D /* Debug */,
				1B13EC672DCE88420073752D /* Release */,
			);
			defaultConfigurationIsVisible = 0;
			defaultConfigurationName = Release;
		};
		1B13EC682DCE88420073752D /* Build configuration list for PBXNativeTarget "ArcadeBallGameApp" */ = {
			isa = XCConfigurationList;
			buildConfigurations = (
				1B13EC692DCE88420073752D /* Debug */,
				1B13EC6A2DCE88420073752D /* Release */,
			);
			defaultConfigurationIsVisible = 0;
			defaultConfigurationName = Release;
		};
		1B13EC6B2DCE88420073752D /* Build configuration list for PBXNativeTarget "ArcadeBallGameAppTests" */ = {
			isa = XCConfigurationList;
			buildConfigurations = (
				1B13EC6C2DCE88420073752D /* Debug */,
				1B13EC6D2DCE88420073752D /* Release */,
			);
			defaultConfigurationIsVisible = 0;
			defaultConfigurationName = Release;
		};
		1B13EC6E2DCE88420073752D /* Build configuration list for PBXNativeTarget "ArcadeBallGameAppUITests" */ = {
			isa = XCConfigurationList;
			buildConfigurations = (
				1B13EC6F2DCE88420073752D /* Debug */,
				1B13EC702DCE88420073752D /* Release */,
			);
			defaultConfigurationIsVisible = 0;
			defaultConfigurationName = Release;
		};
/* End XCConfigurationList section */
	};
	rootObject = 1B13EC3F2DCE88410073752D /* Project object */;
}
